
Microsoft Visual Studio Solution File, Format Version 12.00
# Visual Studio 15
VisualStudioVersion = 15.0.27703.2026
MinimumVisualStudioVersion = 10.0.40219.1
Project("{FAE04EC0-301F-11D3-BF4B-00C04F79EFBC}") = "Nodo1", "Nodo1\Nodo1.csproj", "{AAE131AA-64E4-41F4-A9AB-37CC41417B55}"
EndProject
Global
	GlobalSection(SolutionConfigurationPlatforms) = preSolution
		Debug|Any CPU = Debug|Any CPU
		Release|Any CPU = Release|Any CPU
	EndGlobalSection
	GlobalSection(ProjectConfigurationPlatforms) = postSolution
		{AAE131AA-64E4-41F4-A9AB-37CC41417B55}.Debug|Any CPU.ActiveCfg = Debug|Any CPU
		{AAE131AA-64E4-41F4-A9AB-37CC41417B55}.Debug|Any CPU.Build.0 = Debug|Any CPU
		{AAE131AA-64E4-41F4-A9AB-37CC41417B55}.Release|Any CPU.ActiveCfg = Release|Any CPU
		{AAE131AA-64E4-41F4-A9AB-37CC41417B55}.Release|Any CPU.Build.0 = Release|Any CPU
	EndGlobalSection
	GlobalSection(SolutionProperties) = preSolution
		HideSolutionNode = FALSE
	EndGlobalSection
	GlobalSection(ExtensibilityGlobals) = postSolution
		SolutionGuid = {F15CECD5-EFA6-4B0F-B480-67BDF1C4A160}
	EndGlobalSection
EndGlobal
